// !$*UTF8*$!
{
	archiveVersion = 1;
	classes = {
	};
	objectVersion = 56;
	objects = {

/* Begin PBXBuildFile section */
		2B12FE2229070649004DA28D /* MapToolbarView.swift in Sources */ = {isa = PBXBuildFile; fileRef = 2B12FE2129070649004DA28D /* MapToolbarView.swift */; };
		2B12FE24290710AD004DA28D /* MapOptionsViewController.swift in Sources */ = {isa = PBXBuildFile; fileRef = 2B12FE23290710AD004DA28D /* MapOptionsViewController.swift */; };
		2B5998172906EABC00E5E5E2 /* AppDelegate.swift in Sources */ = {isa = PBXBuildFile; fileRef = 2B5998162906EABC00E5E5E2 /* AppDelegate.swift */; };
		2B5998192906EABC00E5E5E2 /* SceneDelegate.swift in Sources */ = {isa = PBXBuildFile; fileRef = 2B5998182906EABC00E5E5E2 /* SceneDelegate.swift */; };
		2B59981B2906EABC00E5E5E2 /* ViewController.swift in Sources */ = {isa = PBXBuildFile; fileRef = 2B59981A2906EABC00E5E5E2 /* ViewController.swift */; };
		2B59981E2906EABC00E5E5E2 /* Main.storyboard in Resources */ = {isa = PBXBuildFile; fileRef = 2B59981C2906EABC00E5E5E2 /* Main.storyboard */; };
		2B5998202906EABD00E5E5E2 /* Assets.xcassets in Resources */ = {isa = PBXBuildFile; fileRef = 2B59981F2906EABD00E5E5E2 /* Assets.xcassets */; };
		2B5998232906EABD00E5E5E2 /* LaunchScreen.storyboard in Resources */ = {isa = PBXBuildFile; fileRef = 2B5998212906EABD00E5E5E2 /* LaunchScreen.storyboard */; };
		2B5998312906ED8600E5E5E2 /* WKWebViewJavascriptBridge in Frameworks */ = {isa = PBXBuildFile; productRef = 2B5998302906ED8600E5E5E2 /* WKWebViewJavascriptBridge */; };
		2B5998362906F3CF00E5E5E2 /* MapsGLWebView in Frameworks */ = {isa = PBXBuildFile; productRef = 2B5998352906F3CF00E5E5E2 /* MapsGLWebView */; };
		2B59985D2906FC4D00E5E5E2 /* mapview.html in Resources */ = {isa = PBXBuildFile; fileRef = 2B59985C2906FC4D00E5E5E2 /* mapview.html */; };
/* End PBXBuildFile section */

/* Begin PBXFileReference section */
		2B12FE2129070649004DA28D /* MapToolbarView.swift */ = {isa = PBXFileReference; lastKnownFileType = sourcecode.swift; path = MapToolbarView.swift; sourceTree = "<group>"; };
		2B12FE23290710AD004DA28D /* MapOptionsViewController.swift */ = {isa = PBXFileReference; lastKnownFileType = sourcecode.swift; path = MapOptionsViewController.swift; sourceTree = "<group>"; };
		2B5998132906EABC00E5E5E2 /* Example-Swift.app */ = {isa = PBXFileReference; explicitFileType = wrapper.application; includeInIndex = 0; path = "Example-Swift.app"; sourceTree = BUILT_PRODUCTS_DIR; };
		2B5998162906EABC00E5E5E2 /* AppDelegate.swift */ = {isa = PBXFileReference; lastKnownFileType = sourcecode.swift; path = AppDelegate.swift; sourceTree = "<group>"; };
		2B5998182906EABC00E5E5E2 /* SceneDelegate.swift */ = {isa = PBXFileReference; lastKnownFileType = sourcecode.swift; path = SceneDelegate.swift; sourceTree = "<group>"; };
		2B59981A2906EABC00E5E5E2 /* ViewController.swift */ = {isa = PBXFileReference; lastKnownFileType = sourcecode.swift; path = ViewController.swift; sourceTree = "<group>"; };
		2B59981D2906EABC00E5E5E2 /* Base */ = {isa = PBXFileReference; lastKnownFileType = file.storyboard; name = Base; path = Base.lproj/Main.storyboard; sourceTree = "<group>"; };
		2B59981F2906EABD00E5E5E2 /* Assets.xcassets */ = {isa = PBXFileReference; lastKnownFileType = folder.assetcatalog; path = Assets.xcassets; sourceTree = "<group>"; };
		2B5998222906EABD00E5E5E2 /* Base */ = {isa = PBXFileReference; lastKnownFileType = file.storyboard; name = Base; path = Base.lproj/LaunchScreen.storyboard; sourceTree = "<group>"; };
		2B5998242906EABD00E5E5E2 /* Info.plist */ = {isa = PBXFileReference; lastKnownFileType = text.plist.xml; path = Info.plist; sourceTree = "<group>"; };
		2B59982B2906EB3400E5E5E2 /* mapsgl-ios-webview */ = {isa = PBXFileReference; lastKnownFileType = wrapper; name = "mapsgl-ios-webview"; path = ../..; sourceTree = "<group>"; };
		2B59985C2906FC4D00E5E5E2 /* mapview.html */ = {isa = PBXFileReference; fileEncoding = 4; lastKnownFileType = text.html; path = mapview.html; sourceTree = "<group>"; };
/* End PBXFileReference section */

/* Begin PBXFrameworksBuildPhase section */
		2B5998102906EABC00E5E5E2 /* Frameworks */ = {
			isa = PBXFrameworksBuildPhase;
			buildActionMask = 2147483647;
			files = (
				2B5998362906F3CF00E5E5E2 /* MapsGLWebView in Frameworks */,
				2B5998312906ED8600E5E5E2 /* WKWebViewJavascriptBridge in Frameworks */,
			);
			runOnlyForDeploymentPostprocessing = 0;
		};
/* End PBXFrameworksBuildPhase section */

/* Begin PBXGroup section */
		2B59980A2906EABC00E5E5E2 = {
			isa = PBXGroup;
			children = (
				2B59982A2906EB3400E5E5E2 /* Packages */,
				2B5998152906EABC00E5E5E2 /* Example-Swift */,
				2B5998142906EABC00E5E5E2 /* Products */,
				2B59982C2906EB5C00E5E5E2 /* Frameworks */,
			);
			sourceTree = "<group>";
		};
		2B5998142906EABC00E5E5E2 /* Products */ = {
			isa = PBXGroup;
			children = (
				2B5998132906EABC00E5E5E2 /* Example-Swift.app */,
			);
			name = Products;
			sourceTree = "<group>";
		};
		2B5998152906EABC00E5E5E2 /* Example-Swift */ = {
			isa = PBXGroup;
			children = (
				2B5998162906EABC00E5E5E2 /* AppDelegate.swift */,
				2B5998182906EABC00E5E5E2 /* SceneDelegate.swift */,
				2B59981A2906EABC00E5E5E2 /* ViewController.swift */,
				2B12FE23290710AD004DA28D /* MapOptionsViewController.swift */,
				2B12FE2129070649004DA28D /* MapToolbarView.swift */,
				2B59985C2906FC4D00E5E5E2 /* mapview.html */,
				2B59981C2906EABC00E5E5E2 /* Main.storyboard */,
				2B59981F2906EABD00E5E5E2 /* Assets.xcassets */,
				2B5998212906EABD00E5E5E2 /* LaunchScreen.storyboard */,
				2B5998242906EABD00E5E5E2 /* Info.plist */,
			);
			path = "Example-Swift";
			sourceTree = "<group>";
		};
		2B59982A2906EB3400E5E5E2 /* Packages */ = {
			isa = PBXGroup;
			children = (
				2B59982B2906EB3400E5E5E2 /* mapsgl-ios-webview */,
			);
			name = Packages;
			sourceTree = "<group>";
		};
		2B59982C2906EB5C00E5E5E2 /* Frameworks */ = {
			isa = PBXGroup;
			children = (
			);
			name = Frameworks;
			sourceTree = "<group>";
		};
/* End PBXGroup section */

/* Begin PBXNativeTarget section */
		2B5998122906EABC00E5E5E2 /* Example-Swift */ = {
			isa = PBXNativeTarget;
			buildConfigurationList = 2B5998272906EABD00E5E5E2 /* Build configuration list for PBXNativeTarget "Example-Swift" */;
			buildPhases = (
				2B59980F2906EABC00E5E5E2 /* Sources */,
				2B5998102906EABC00E5E5E2 /* Frameworks */,
				2B5998112906EABC00E5E5E2 /* Resources */,
			);
			buildRules = (
			);
			dependencies = (
			);
			name = "Example-Swift";
			packageProductDependencies = (
				2B5998302906ED8600E5E5E2 /* WKWebViewJavascriptBridge */,
				2B5998352906F3CF00E5E5E2 /* MapsGLWebView */,
			);
			productName = "Example-Swift";
			productReference = 2B5998132906EABC00E5E5E2 /* Example-Swift.app */;
			productType = "com.apple.product-type.application";
		};
/* End PBXNativeTarget section */

/* Begin PBXProject section */
		2B59980B2906EABC00E5E5E2 /* Project object */ = {
			isa = PBXProject;
			attributes = {
				BuildIndependentTargetsInParallel = 1;
				LastSwiftUpdateCheck = 1400;
				LastUpgradeCheck = 1400;
				TargetAttributes = {
					2B5998122906EABC00E5E5E2 = {
						CreatedOnToolsVersion = 14.0.1;
					};
				};
			};
			buildConfigurationList = 2B59980E2906EABC00E5E5E2 /* Build configuration list for PBXProject "Example-Swift" */;
			compatibilityVersion = "Xcode 14.0";
			developmentRegion = en;
			hasScannedForEncodings = 0;
			knownRegions = (
				en,
				Base,
			);
			mainGroup = 2B59980A2906EABC00E5E5E2;
			packageReferences = (
				2B59982F2906ED8600E5E5E2 /* XCRemoteSwiftPackageReference "WKWebViewJavascriptBridge" */,
			);
			productRefGroup = 2B5998142906EABC00E5E5E2 /* Products */;
			projectDirPath = "";
			projectRoot = "";
			targets = (
				2B5998122906EABC00E5E5E2 /* Example-Swift */,
			);
		};
/* End PBXProject section */

/* Begin PBXResourcesBuildPhase section */
		2B5998112906EABC00E5E5E2 /* Resources */ = {
			isa = PBXResourcesBuildPhase;
			buildActionMask = 2147483647;
			files = (
				2B59985D2906FC4D00E5E5E2 /* mapview.html in Resources */,
				2B5998232906EABD00E5E5E2 /* LaunchScreen.storyboard in Resources */,
				2B5998202906EABD00E5E5E2 /* Assets.xcassets in Resources */,
				2B59981E2906EABC00E5E5E2 /* Main.storyboard in Resources */,
			);
			runOnlyForDeploymentPostprocessing = 0;
		};
/* End PBXResourcesBuildPhase section */

/* Begin PBXSourcesBuildPhase section */
		2B59980F2906EABC00E5E5E2 /* Sources */ = {
			isa = PBXSourcesBuildPhase;
			buildActionMask = 2147483647;
			files = (
				2B59981B2906EABC00E5E5E2 /* ViewController.swift in Sources */,
				2B5998172906EABC00E5E5E2 /* AppDelegate.swift in Sources */,
				2B5998192906EABC00E5E5E2 /* SceneDelegate.swift in Sources */,
				2B12FE24290710AD004DA28D /* MapOptionsViewController.swift in Sources */,
				2B12FE2229070649004DA28D /* MapToolbarView.swift in Sources */,
			);
			runOnlyForDeploymentPostprocessing = 0;
		};
/* End PBXSourcesBuildPhase section */

/* Begin PBXVariantGroup section */
		2B59981C2906EABC00E5E5E2 /* Main.storyboard */ = {
			isa = PBXVariantGroup;
			children = (
				2B59981D2906EABC00E5E5E2 /* Base */,
			);
			name = Main.storyboard;
			sourceTree = "<group>";
		};
		2B5998212906EABD00E5E5E2 /* LaunchScreen.storyboard */ = {
			isa = PBXVariantGroup;
			children = (
				2B5998222906EABD00E5E5E2 /* Base */,
			);
			name = LaunchScreen.storyboard;
			sourceTree = "<group>";
		};
/* End PBXVariantGroup section */

/* Begin XCBuildConfiguration section */
		2B5998252906EABD00E5E5E2 /* Debug */ = {
			isa = XCBuildConfiguration;
			buildSettings = {
				ALWAYS_SEARCH_USER_PATHS = NO;
				CLANG_ANALYZER_NONNULL = YES;
				CLANG_ANALYZER_NUMBER_OBJECT_CONVERSION = YES_AGGRESSIVE;
				CLANG_CXX_LANGUAGE_STANDARD = "gnu++20";
				CLANG_ENABLE_MODULES = YES;
				CLANG_ENABLE_OBJC_ARC = YES;
				CLANG_ENABLE_OBJC_WEAK = YES;
				CLANG_WARN_BLOCK_CAPTURE_AUTORELEASING = YES;
				CLANG_WARN_BOOL_CONVERSION = YES;
				CLANG_WARN_COMMA = YES;
				CLANG_WARN_CONSTANT_CONVERSION = YES;
				CLANG_WARN_DEPRECATED_OBJC_IMPLEMENTATIONS = YES;
				CLANG_WARN_DIRECT_OBJC_ISA_USAGE = YES_ERROR;
				CLANG_WARN_DOCUMENTATION_COMMENTS = YES;
				CLANG_WARN_EMPTY_BODY = YES;
				CLANG_WARN_ENUM_CONVERSION = YES;
				CLANG_WARN_INFINITE_RECURSION = YES;
				CLANG_WARN_INT_CONVERSION = YES;
				CLANG_WARN_NON_LITERAL_NULL_CONVERSION = YES;
				CLANG_WARN_OBJC_IMPLICIT_RETAIN_SELF = YES;
				CLANG_WARN_OBJC_LITERAL_CONVERSION = YES;
				CLANG_WARN_OBJC_ROOT_CLASS = YES_ERROR;
				CLANG_WARN_QUOTED_INCLUDE_IN_FRAMEWORK_HEADER = YES;
				CLANG_WARN_RANGE_LOOP_ANALYSIS = YES;
				CLANG_WARN_STRICT_PROTOTYPES = YES;
				CLANG_WARN_SUSPICIOUS_MOVE = YES;
				CLANG_WARN_UNGUARDED_AVAILABILITY = YES_AGGRESSIVE;
				CLANG_WARN_UNREACHABLE_CODE = YES;
				CLANG_WARN__DUPLICATE_METHOD_MATCH = YES;
				COPY_PHASE_STRIP = NO;
				DEBUG_INFORMATION_FORMAT = dwarf;
				ENABLE_STRICT_OBJC_MSGSEND = YES;
				ENABLE_TESTABILITY = YES;
				GCC_C_LANGUAGE_STANDARD = gnu11;
				GCC_DYNAMIC_NO_PIC = NO;
				GCC_NO_COMMON_BLOCKS = YES;
				GCC_OPTIMIZATION_LEVEL = 0;
				GCC_PREPROCESSOR_DEFINITIONS = (
					"DEBUG=1",
					"$(inherited)",
				);
				GCC_WARN_64_TO_32_BIT_CONVERSION = YES;
				GCC_WARN_ABOUT_RETURN_TYPE = YES_ERROR;
				GCC_WARN_UNDECLARED_SELECTOR = YES;
				GCC_WARN_UNINITIALIZED_AUTOS = YES_AGGRESSIVE;
				GCC_WARN_UNUSED_FUNCTION = YES;
				GCC_WARN_UNUSED_VARIABLE = YES;
				IPHONEOS_DEPLOYMENT_TARGET = 16.0;
				MTL_ENABLE_DEBUG_INFO = INCLUDE_SOURCE;
				MTL_FAST_MATH = YES;
				ONLY_ACTIVE_ARCH = YES;
				SDKROOT = iphoneos;
				SWIFT_ACTIVE_COMPILATION_CONDITIONS = DEBUG;
				SWIFT_OPTIMIZATION_LEVEL = "-Onone";
			};
			name = Debug;
		};
		2B5998262906EABD00E5E5E2 /* Release */ = {
			isa = XCBuildConfiguration;
			buildSettings = {
				ALWAYS_SEARCH_USER_PATHS = NO;
				CLANG_ANALYZER_NONNULL = YES;
				CLANG_ANALYZER_NUMBER_OBJECT_CONVERSION = YES_AGGRESSIVE;
				CLANG_CXX_LANGUAGE_STANDARD = "gnu++20";
				CLANG_ENABLE_MODULES = YES;
				CLANG_ENABLE_OBJC_ARC = YES;
				CLANG_ENABLE_OBJC_WEAK = YES;
				CLANG_WARN_BLOCK_CAPTURE_AUTORELEASING = YES;
				CLANG_WARN_BOOL_CONVERSION = YES;
				CLANG_WARN_COMMA = YES;
				CLANG_WARN_CONSTANT_CONVERSION = YES;
				CLANG_WARN_DEPRECATED_OBJC_IMPLEMENTATIONS = YES;
				CLANG_WARN_DIRECT_OBJC_ISA_USAGE = YES_ERROR;
				CLANG_WARN_DOCUMENTATION_COMMENTS = YES;
				CLANG_WARN_EMPTY_BODY = YES;
				CLANG_WARN_ENUM_CONVERSION = YES;
				CLANG_WARN_INFINITE_RECURSION = YES;
				CLANG_WARN_INT_CONVERSION = YES;
				CLANG_WARN_NON_LITERAL_NULL_CONVERSION = YES;
				CLANG_WARN_OBJC_IMPLICIT_RETAIN_SELF = YES;
				CLANG_WARN_OBJC_LITERAL_CONVERSION = YES;
				CLANG_WARN_OBJC_ROOT_CLASS = YES_ERROR;
				CLANG_WARN_QUOTED_INCLUDE_IN_FRAMEWORK_HEADER = YES;
				CLANG_WARN_RANGE_LOOP_ANALYSIS = YES;
				CLANG_WARN_STRICT_PROTOTYPES = YES;
				CLANG_WARN_SUSPICIOUS_MOVE = YES;
				CLANG_WARN_UNGUARDED_AVAILABILITY = YES_AGGRESSIVE;
				CLANG_WARN_UNREACHABLE_CODE = YES;
				CLANG_WARN__DUPLICATE_METHOD_MATCH = YES;
				COPY_PHASE_STRIP = NO;
				DEBUG_INFORMATION_FORMAT = "dwarf-with-dsym";
				ENABLE_NS_ASSERTIONS = NO;
				ENABLE_STRICT_OBJC_MSGSEND = YES;
				GCC_C_LANGUAGE_STANDARD = gnu11;
				GCC_NO_COMMON_BLOCKS = YES;
				GCC_WARN_64_TO_32_BIT_CONVERSION = YES;
				GCC_WARN_ABOUT_RETURN_TYPE = YES_ERROR;
				GCC_WARN_UNDECLARED_SELECTOR = YES;
				GCC_WARN_UNINITIALIZED_AUTOS = YES_AGGRESSIVE;
				GCC_WARN_UNUSED_FUNCTION = YES;
				GCC_WARN_UNUSED_VARIABLE = YES;
				IPHONEOS_DEPLOYMENT_TARGET = 16.0;
				MTL_ENABLE_DEBUG_INFO = NO;
				MTL_FAST_MATH = YES;
				SDKROOT = iphoneos;
				SWIFT_COMPILATION_MODE = wholemodule;
				SWIFT_OPTIMIZATION_LEVEL = "-O";
				VALIDATE_PRODUCT = YES;
			};
			name = Release;
		};
		2B5998282906EABD00E5E5E2 /* Debug */ = {
			isa = XCBuildConfiguration;
			buildSettings = {
				ASSETCATALOG_COMPILER_APPICON_NAME = AppIcon;
				ASSETCATALOG_COMPILER_GLOBAL_ACCENT_COLOR_NAME = AccentColor;
				CODE_SIGN_STYLE = Automatic;
				CURRENT_PROJECT_VERSION = 1;
				DEVELOPMENT_TEAM = 93U64PEERG;
				GENERATE_INFOPLIST_FILE = YES;
				INFOPLIST_FILE = "Example-Swift/Info.plist";
				INFOPLIST_KEY_UIApplicationSupportsIndirectInputEvents = YES;
				INFOPLIST_KEY_UILaunchStoryboardName = LaunchScreen;
				INFOPLIST_KEY_UIMainStoryboardFile = Main;
				INFOPLIST_KEY_UISupportedInterfaceOrientations_iPad = "UIInterfaceOrientationPortrait UIInterfaceOrientationPortraitUpsideDown UIInterfaceOrientationLandscapeLeft UIInterfaceOrientationLandscapeRight";
				INFOPLIST_KEY_UISupportedInterfaceOrientations_iPhone = "UIInterfaceOrientationPortrait UIInterfaceOrientationLandscapeLeft UIInterfaceOrientationLandscapeRight";
				IPHONEOS_DEPLOYMENT_TARGET = 15.0;
				LD_RUNPATH_SEARCH_PATHS = (
					"$(inherited)",
					"@executable_path/Frameworks",
				);
				MARKETING_VERSION = 1.0;
				PRODUCT_BUNDLE_IDENTIFIER = "com.aerisweather.Example-Swift";
				PRODUCT_NAME = "$(TARGET_NAME)";
				SWIFT_EMIT_LOC_STRINGS = YES;
				SWIFT_VERSION = 5.0;
				TARGETED_DEVICE_FAMILY = "1,2";
			};
			name = Debug;
		};
		2B5998292906EABD00E5E5E2 /* Release */ = {
			isa = XCBuildConfiguration;
			buildSettings = {
				ASSETCATALOG_COMPILER_APPICON_NAME = AppIcon;
				ASSETCATALOG_COMPILER_GLOBAL_ACCENT_COLOR_NAME = AccentColor;
				CODE_SIGN_STYLE = Automatic;
				CURRENT_PROJECT_VERSION = 1;
				DEVELOPMENT_TEAM = 93U64PEERG;
				GENERATE_INFOPLIST_FILE = YES;
				INFOPLIST_FILE = "Example-Swift/Info.plist";
				INFOPLIST_KEY_UIApplicationSupportsIndirectInputEvents = YES;
				INFOPLIST_KEY_UILaunchStoryboardName = LaunchScreen;
				INFOPLIST_KEY_UIMainStoryboardFile = Main;
				INFOPLIST_KEY_UISupportedInterfaceOrientations_iPad = "UIInterfaceOrientationPortrait UIInterfaceOrientationPortraitUpsideDown UIInterfaceOrientationLandscapeLeft UIInterfaceOrientationLandscapeRight";
				INFOPLIST_KEY_UISupportedInterfaceOrientations_iPhone = "UIInterfaceOrientationPortrait UIInterfaceOrientationLandscapeLeft UIInterfaceOrientationLandscapeRight";
				IPHONEOS_DEPLOYMENT_TARGET = 15.0;
				LD_RUNPATH_SEARCH_PATHS = (
					"$(inherited)",
					"@executable_path/Frameworks",
				);
				MARKETING_VERSION = 1.0;
				PRODUCT_BUNDLE_IDENTIFIER = "com.aerisweather.Example-Swift";
				PRODUCT_NAME = "$(TARGET_NAME)";
				SWIFT_EMIT_LOC_STRINGS = YES;
				SWIFT_VERSION = 5.0;
				TARGETED_DEVICE_FAMILY = "1,2";
			};
			name = Release;
		};
/* End XCBuildConfiguration section */

/* Begin XCConfigurationList section */
		2B59980E2906EABC00E5E5E2 /* Build configuration list for PBXProject "Example-Swift" */ = {
			isa = XCConfigurationList;
			buildConfigurations = (
				2B5998252906EABD00E5E5E2 /* Debug */,
				2B5998262906EABD00E5E5E2 /* Release */,
			);
			defaultConfigurationIsVisible = 0;
			defaultConfigurationName = Release;
		};
		2B5998272906EABD00E5E5E2 /* Build configuration list for PBXNativeTarget "Example-Swift" */ = {
			isa = XCConfigurationList;
			buildConfigurations = (
				2B5998282906EABD00E5E5E2 /* Debug */,
				2B5998292906EABD00E5E5E2 /* Release */,
			);
			defaultConfigurationIsVisible = 0;
			defaultConfigurationName = Release;
		};
/* End XCConfigurationList section */

/* Begin XCRemoteSwiftPackageReference section */
		2B59982F2906ED8600E5E5E2 /* XCRemoteSwiftPackageReference "WKWebViewJavascriptBridge" */ = {
			isa = XCRemoteSwiftPackageReference;
			repositoryURL = "https://github.com/Lision/WKWebViewJavascriptBridge";
			requirement = {
				branch = master;
				kind = branch;
			};
		};
/* End XCRemoteSwiftPackageReference section */

/* Begin XCSwiftPackageProductDependency section */
		2B5998302906ED8600E5E5E2 /* WKWebViewJavascriptBridge */ = {
			isa = XCSwiftPackageProductDependency;
			package = 2B59982F2906ED8600E5E5E2 /* XCRemoteSwiftPackageReference "WKWebViewJavascriptBridge" */;
			productName = WKWebViewJavascriptBridge;
		};
		2B5998352906F3CF00E5E5E2 /* MapsGLWebView */ = {
			isa = XCSwiftPackageProductDependency;
			productName = MapsGLWebView;
		};
/* End XCSwiftPackageProductDependency section */
	};
	rootObject = 2B59980B2906EABC00E5E5E2 /* Project object */;
}
